{
  "version": 4,
  "terraform_version": "1.0.3",
  "serial": 119,
  "lineage": "4c859fe8-7b58-aa21-a249-80170d010d7f",
  "outputs": {
    "alb_dns": {
      "value": "alb-98467982.eu-west-2.elb.amazonaws.com",
      "type": "string"
    },
    "instance_dns": {
      "value": [
        "ec2-18-170-125-219.eu-west-2.compute.amazonaws.com",
        "ec2-35-177-75-187.eu-west-2.compute.amazonaws.com"
      ],
      "type": [
        "tuple",
        [
          "string",
          "string"
        ]
      ]
    }
  },
  "resources": [
    {
      "mode": "managed",
      "type": "aws_eip",
      "name": "web_eip",
      "provider": "provider[\"registry.terraform.io/hashicorp/aws\"]",
      "instances": [
        {
          "schema_version": 0,
          "attributes": {
            "address": null,
            "allocation_id": null,
            "associate_with_private_ip": null,
            "association_id": "eipassoc-03669f4f290fc017a",
            "carrier_ip": "",
            "customer_owned_ip": "",
            "customer_owned_ipv4_pool": "",
            "domain": "vpc",
            "id": "eipalloc-09020175485d28f80",
            "instance": "i-0b741559a970ff55f",
            "network_border_group": "eu-west-2",
            "network_interface": "eni-073e7e0b1a71291d5",
            "private_dns": "ip-10-0-1-136.eu-west-2.compute.internal",
            "private_ip": "10.0.1.136",
            "public_dns": "ec2-18-170-125-219.eu-west-2.compute.amazonaws.com",
            "public_ip": "18.170.125.219",
            "public_ipv4_pool": "amazon",
            "tags": {
              "ManagedBy": "terraform",
              "Name": "eip"
            },
            "tags_all": {
              "ManagedBy": "terraform",
              "Name": "eip"
            },
            "timeouts": null,
            "vpc": true
          },
          "sensitive_attributes": [],
          "private": "eyJlMmJmYjczMC1lY2FhLTExZTYtOGY4OC0zNDM2M2JjN2M0YzAiOnsiZGVsZXRlIjoxODAwMDAwMDAwMDAsInJlYWQiOjkwMDAwMDAwMDAwMCwidXBkYXRlIjozMDAwMDAwMDAwMDB9fQ==",
          "dependencies": [
            "aws_vpc.vpc",
            "tls_private_key.web_key",
            "aws_instance.web",
            "aws_key_pair.generated_key",
            "aws_security_group.web_server",
            "aws_subnet.subnet_1"
          ]
        }
      ]
    },
    {
      "mode": "managed",
      "type": "aws_eip_association",
      "name": "web_eip_assoc",
      "provider": "provider[\"registry.terraform.io/hashicorp/aws\"]",
      "instances": [
        {
          "schema_version": 0,
          "attributes": {
            "allocation_id": "eipalloc-09020175485d28f80",
            "allow_reassociation": null,
            "id": "eipassoc-03669f4f290fc017a",
            "instance_id": "i-0b741559a970ff55f",
            "network_interface_id": "eni-073e7e0b1a71291d5",
            "private_ip_address": "10.0.1.136",
            "public_ip": "18.170.125.219"
          },
          "sensitive_attributes": [],
          "private": "bnVsbA==",
          "dependencies": [
            "aws_instance.web",
            "aws_key_pair.generated_key",
            "aws_security_group.web_server",
            "aws_subnet.subnet_1",
            "aws_vpc.vpc",
            "tls_private_key.web_key",
            "aws_eip.web_eip"
          ]
        }
      ]
    },
    {
      "mode": "managed",
      "type": "aws_instance",
      "name": "web",
      "provider": "provider[\"registry.terraform.io/hashicorp/aws\"]",
      "instances": [
        {
          "index_key": 0,
          "schema_version": 1,
          "attributes": {
            "ami": "ami-403e2524",
            "arn": "arn:aws:ec2:eu-west-2:893272080292:instance/i-0b741559a970ff55f",
            "associate_public_ip_address": true,
            "availability_zone": "eu-west-2a",
            "capacity_reservation_specification": [
              {
                "capacity_reservation_preference": "open",
                "capacity_reservation_target": []
              }
            ],
            "cpu_core_count": 1,
            "cpu_threads_per_core": 1,
            "credit_specification": [
              {
                "cpu_credits": "standard"
              }
            ],
            "disable_api_termination": false,
            "ebs_block_device": [],
            "ebs_optimized": false,
            "enclave_options": [
              {
                "enabled": false
              }
            ],
            "ephemeral_block_device": [],
            "get_password_data": false,
            "hibernation": false,
            "host_id": null,
            "iam_instance_profile": "",
            "id": "i-0b741559a970ff55f",
            "instance_initiated_shutdown_behavior": "stop",
            "instance_state": "running",
            "instance_type": "t2.micro",
            "ipv6_address_count": 0,
            "ipv6_addresses": [],
            "key_name": "infworks_key",
            "launch_template": [],
            "metadata_options": [
              {
                "http_endpoint": "enabled",
                "http_put_response_hop_limit": 1,
                "http_tokens": "optional"
              }
            ],
            "monitoring": false,
            "network_interface": [],
            "outpost_arn": "",
            "password_data": "",
            "placement_group": "",
            "primary_network_interface_id": "eni-073e7e0b1a71291d5",
            "private_dns": "ip-10-0-1-136.eu-west-2.compute.internal",
            "private_ip": "10.0.1.136",
            "public_dns": "ec2-18-170-125-219.eu-west-2.compute.amazonaws.com",
            "public_ip": "18.170.125.219",
            "root_block_device": [
              {
                "delete_on_termination": true,
                "device_name": "/dev/xvda",
                "encrypted": false,
                "iops": 100,
                "kms_key_id": "",
                "tags": {},
                "throughput": 0,
                "volume_id": "vol-0abb7fc36fbf0f707",
                "volume_size": 8,
                "volume_type": "gp2"
              }
            ],
            "secondary_private_ips": [],
            "security_groups": [],
            "source_dest_check": true,
            "subnet_id": "subnet-064051fa66ca29dcb",
            "tags": {
              "Name": "web"
            },
            "tags_all": {
              "Name": "web"
            },
            "tenancy": "default",
            "timeouts": null,
            "user_data": "491b6fbaf6bd0ba3db7caba0951e20dd56225d60",
            "user_data_base64": null,
            "volume_tags": null,
            "vpc_security_group_ids": [
              "sg-0d8dcf033d3733d7e"
            ]
          },
          "sensitive_attributes": [],
          "private": "eyJlMmJmYjczMC1lY2FhLTExZTYtOGY4OC0zNDM2M2JjN2M0YzAiOnsiY3JlYXRlIjo2MDAwMDAwMDAwMDAsImRlbGV0ZSI6MTIwMDAwMDAwMDAwMCwidXBkYXRlIjo2MDAwMDAwMDAwMDB9LCJzY2hlbWFfdmVyc2lvbiI6IjEifQ==",
          "dependencies": [
            "aws_security_group.web_server",
            "aws_subnet.subnet_1",
            "aws_vpc.vpc",
            "tls_private_key.web_key",
            "aws_key_pair.generated_key"
          ]
        },
        {
          "index_key": 1,
          "schema_version": 1,
          "attributes": {
            "ami": "ami-403e2524",
            "arn": "arn:aws:ec2:eu-west-2:893272080292:instance/i-0db0584954f7d8244",
            "associate_public_ip_address": true,
            "availability_zone": "eu-west-2a",
            "capacity_reservation_specification": [
              {
                "capacity_reservation_preference": "open",
                "capacity_reservation_target": []
              }
            ],
            "cpu_core_count": 1,
            "cpu_threads_per_core": 1,
            "credit_specification": [
              {
                "cpu_credits": "standard"
              }
            ],
            "disable_api_termination": false,
            "ebs_block_device": [],
            "ebs_optimized": false,
            "enclave_options": [
              {
                "enabled": false
              }
            ],
            "ephemeral_block_device": [],
            "get_password_data": false,
            "hibernation": false,
            "host_id": null,
            "iam_instance_profile": "",
            "id": "i-0db0584954f7d8244",
            "instance_initiated_shutdown_behavior": "stop",
            "instance_state": "running",
            "instance_type": "t2.micro",
            "ipv6_address_count": 0,
            "ipv6_addresses": [],
            "key_name": "infworks_key",
            "launch_template": [],
            "metadata_options": [
              {
                "http_endpoint": "enabled",
                "http_put_response_hop_limit": 1,
                "http_tokens": "optional"
              }
            ],
            "monitoring": false,
            "network_interface": [],
            "outpost_arn": "",
            "password_data": "",
            "placement_group": "",
            "primary_network_interface_id": "eni-0500d9ccb6f03dfec",
            "private_dns": "ip-10-0-1-168.eu-west-2.compute.internal",
            "private_ip": "10.0.1.168",
            "public_dns": "ec2-35-177-75-187.eu-west-2.compute.amazonaws.com",
            "public_ip": "35.177.75.187",
            "root_block_device": [
              {
                "delete_on_termination": true,
                "device_name": "/dev/xvda",
                "encrypted": false,
                "iops": 100,
                "kms_key_id": "",
                "tags": {},
                "throughput": 0,
                "volume_id": "vol-0951ed0adf0281b5a",
                "volume_size": 8,
                "volume_type": "gp2"
              }
            ],
            "secondary_private_ips": [],
            "security_groups": [],
            "source_dest_check": true,
            "subnet_id": "subnet-064051fa66ca29dcb",
            "tags": {
              "Name": "web"
            },
            "tags_all": {
              "Name": "web"
            },
            "tenancy": "default",
            "timeouts": null,
            "user_data": "491b6fbaf6bd0ba3db7caba0951e20dd56225d60",
            "user_data_base64": null,
            "volume_tags": null,
            "vpc_security_group_ids": [
              "sg-0d8dcf033d3733d7e"
            ]
          },
          "sensitive_attributes": [],
          "private": "eyJlMmJmYjczMC1lY2FhLTExZTYtOGY4OC0zNDM2M2JjN2M0YzAiOnsiY3JlYXRlIjo2MDAwMDAwMDAwMDAsImRlbGV0ZSI6MTIwMDAwMDAwMDAwMCwidXBkYXRlIjo2MDAwMDAwMDAwMDB9LCJzY2hlbWFfdmVyc2lvbiI6IjEifQ==",
          "dependencies": [
            "aws_key_pair.generated_key",
            "aws_security_group.web_server",
            "aws_subnet.subnet_1",
            "aws_vpc.vpc",
            "tls_private_key.web_key"
          ]
        }
      ]
    },
    {
      "mode": "managed",
      "type": "aws_internet_gateway",
      "name": "internet_gateway",
      "provider": "provider[\"registry.terraform.io/hashicorp/aws\"]",
      "instances": [
        {
          "schema_version": 0,
          "attributes": {
            "arn": "arn:aws:ec2:eu-west-2:893272080292:internet-gateway/igw-03f63531fbfa9f907",
            "id": "igw-03f63531fbfa9f907",
            "owner_id": "893272080292",
            "tags": {
              "ManagedBy": "terraform",
              "Name": "test-igw"
            },
            "tags_all": {
              "ManagedBy": "terraform",
              "Name": "test-igw"
            },
            "vpc_id": "vpc-06cf3ac026d7261b3"
          },
          "sensitive_attributes": [],
          "private": "bnVsbA==",
          "dependencies": [
            "aws_vpc.vpc"
          ]
        }
      ]
    },
    {
      "mode": "managed",
      "type": "aws_key_pair",
      "name": "generated_key",
      "provider": "provider[\"registry.terraform.io/hashicorp/aws\"]",
      "instances": [
        {
          "schema_version": 1,
          "attributes": {
            "arn": "arn:aws:ec2:eu-west-2:893272080292:key-pair/infworks_key",
            "fingerprint": "18:b6:63:fb:c1:99:91:f7:84:c1:57:29:1a:06:24:67",
            "id": "infworks_key",
            "key_name": "infworks_key",
            "key_name_prefix": null,
            "key_pair_id": "key-00934cee7d905dbdf",
            "public_key": "ssh-rsa AAAAB3NzaC1yc2EAAAADAQABAAACAQDOE56iLi9BIL6K8hZTiYYHVI6jXYHd4boPQRwA78+TYUKeww1+i1HQtkKhro49qBg1O1BJ5B9UY3FadbSzpqqMRP1HKq5N9QwCKSbxa3EA/vGNYJJRCey18N+ii35czJ1U6Q2/Lv9Tv6HeXI4rX1AwgZ7CNq8Us1SOgDaaZ5XR1UF2vgYi83NMHTwS3Rpjl8jRkelm654yv/DAg8FG+IZp9UTCpdAXcYCjql1Zocl6XaWW9eaTSeyfj80nzsQJ7E9CyAePgcfYnCOaA+ynzjMuzIiUlfyQABJaPoJTsU8pLzlPysKX0wvAOTjyKkdZI72ZlBAVGsaSoc9oFDocB0Tk1XwYADurhZr3VN/igHjZPqjER1dDWT8b2qBGKpWoY1d7fqLU3lWWCAgrRa9Ddi85BOHbg3Yiu8mK9F9LGLB+VAjzYgQtZNjJ0vYVdN3lk+GeERuhFd6s8RI7/goQHjF72/03QaJ7LZ18rpd2xv+v0nTJa7UjuQjeab3h2ezurWwTxCLL//fD+ufBlhWNtpdpmw+sCnrmqN72vTR975EXRGNN3L5268m1gCeWR2upfFNuooXoOEGU4LDNznpZpTbFAPJc3zl77IXMTfHYN1g+im5y9LkrliDf890KZ8puikwEghXpeYhYdZvIlwrLtliKwAq+mHRA4r2fFlySRkztVw==",
            "tags": {},
            "tags_all": {}
          },
          "sensitive_attributes": [],
          "private": "eyJzY2hlbWFfdmVyc2lvbiI6IjEifQ==",
          "dependencies": [
            "tls_private_key.web_key"
          ]
        }
      ]
    },
    {
      "mode": "managed",
      "type": "aws_lb",
      "name": "alb",
      "provider": "provider[\"registry.terraform.io/hashicorp/aws\"]",
      "instances": [
        {
          "schema_version": 0,
          "attributes": {
            "access_logs": [
              {
                "bucket": "",
                "enabled": false,
                "prefix": ""
              }
            ],
            "arn": "arn:aws:elasticloadbalancing:eu-west-2:893272080292:loadbalancer/app/alb/d3b1a8cb0c58d3aa",
            "arn_suffix": "app/alb/d3b1a8cb0c58d3aa",
            "customer_owned_ipv4_pool": "",
            "dns_name": "alb-98467982.eu-west-2.elb.amazonaws.com",
            "drop_invalid_header_fields": false,
            "enable_cross_zone_load_balancing": null,
            "enable_deletion_protection": false,
            "enable_http2": true,
            "id": "arn:aws:elasticloadbalancing:eu-west-2:893272080292:loadbalancer/app/alb/d3b1a8cb0c58d3aa",
            "idle_timeout": 60,
            "internal": false,
            "ip_address_type": "ipv4",
            "load_balancer_type": "application",
            "name": "alb",
            "name_prefix": null,
            "security_groups": [
              "sg-0d8dcf033d3733d7e"
            ],
            "subnet_mapping": [
              {
                "allocation_id": "",
                "ipv6_address": "",
                "outpost_id": "",
                "private_ipv4_address": "",
                "subnet_id": "subnet-063c372cbb4544f20"
              },
              {
                "allocation_id": "",
                "ipv6_address": "",
                "outpost_id": "",
                "private_ipv4_address": "",
                "subnet_id": "subnet-064051fa66ca29dcb"
              }
            ],
            "subnets": [
              "subnet-063c372cbb4544f20",
              "subnet-064051fa66ca29dcb"
            ],
            "tags": {},
            "tags_all": {},
            "timeouts": null,
            "vpc_id": "vpc-06cf3ac026d7261b3",
            "zone_id": "ZHURV8PSTC4K8"
          },
          "sensitive_attributes": [],
          "private": "eyJlMmJmYjczMC1lY2FhLTExZTYtOGY4OC0zNDM2M2JjN2M0YzAiOnsiY3JlYXRlIjo2MDAwMDAwMDAwMDAsImRlbGV0ZSI6NjAwMDAwMDAwMDAwLCJ1cGRhdGUiOjYwMDAwMDAwMDAwMH19",
          "dependencies": [
            "aws_subnet.subnet_1",
            "aws_subnet.subnet_2",
            "aws_vpc.vpc",
            "aws_security_group.web_server"
          ]
        }
      ]
    },
    {
      "mode": "managed",
      "type": "aws_lb_listener",
      "name": "http",
      "provider": "provider[\"registry.terraform.io/hashicorp/aws\"]",
      "instances": [
        {
          "schema_version": 0,
          "attributes": {
            "alpn_policy": null,
            "arn": "arn:aws:elasticloadbalancing:eu-west-2:893272080292:listener/app/alb/d3b1a8cb0c58d3aa/c6f77c76180f06b7",
            "certificate_arn": null,
            "default_action": [
              {
                "authenticate_cognito": [],
                "authenticate_oidc": [],
                "fixed_response": [],
                "forward": [],
                "order": 1,
                "redirect": [],
                "target_group_arn": "arn:aws:elasticloadbalancing:eu-west-2:893272080292:targetgroup/alb-tg/18a94e6c5dad8754",
                "type": "forward"
              }
            ],
            "id": "arn:aws:elasticloadbalancing:eu-west-2:893272080292:listener/app/alb/d3b1a8cb0c58d3aa/c6f77c76180f06b7",
            "load_balancer_arn": "arn:aws:elasticloadbalancing:eu-west-2:893272080292:loadbalancer/app/alb/d3b1a8cb0c58d3aa",
            "port": 80,
            "protocol": "HTTP",
            "ssl_policy": "",
            "tags": {},
            "tags_all": {},
            "timeouts": null
          },
          "sensitive_attributes": [],
          "private": "eyJlMmJmYjczMC1lY2FhLTExZTYtOGY4OC0zNDM2M2JjN2M0YzAiOnsicmVhZCI6NjAwMDAwMDAwMDAwfX0=",
          "dependencies": [
            "aws_subnet.subnet_2",
            "aws_vpc.vpc",
            "aws_lb.alb",
            "aws_lb_target_group.alb-tg",
            "aws_security_group.web_server",
            "aws_subnet.subnet_1"
          ]
        }
      ]
    },
    {
      "mode": "managed",
      "type": "aws_lb_target_group",
      "name": "alb-tg",
      "provider": "provider[\"registry.terraform.io/hashicorp/aws\"]",
      "instances": [
        {
          "schema_version": 0,
          "attributes": {
            "arn": "arn:aws:elasticloadbalancing:eu-west-2:893272080292:targetgroup/alb-tg/18a94e6c5dad8754",
            "arn_suffix": "targetgroup/alb-tg/18a94e6c5dad8754",
            "deregistration_delay": "300",
            "health_check": [
              {
                "enabled": true,
                "healthy_threshold": 5,
                "interval": 30,
                "matcher": "200",
                "path": "/",
                "port": "traffic-port",
                "protocol": "HTTP",
                "timeout": 5,
                "unhealthy_threshold": 2
              }
            ],
            "id": "arn:aws:elasticloadbalancing:eu-west-2:893272080292:targetgroup/alb-tg/18a94e6c5dad8754",
            "lambda_multi_value_headers_enabled": false,
            "load_balancing_algorithm_type": "round_robin",
            "name": "alb-tg",
            "name_prefix": null,
            "port": 80,
            "preserve_client_ip": null,
            "protocol": "HTTP",
            "protocol_version": "HTTP1",
            "proxy_protocol_v2": false,
            "slow_start": 0,
            "stickiness": [
              {
                "cookie_duration": 86400,
                "cookie_name": "",
                "enabled": false,
                "type": "lb_cookie"
              }
            ],
            "tags": {},
            "tags_all": {},
            "target_type": "instance",
            "vpc_id": "vpc-06cf3ac026d7261b3"
          },
          "sensitive_attributes": [],
          "private": "bnVsbA==",
          "dependencies": [
            "aws_vpc.vpc",
            "aws_lb.alb",
            "aws_security_group.web_server",
            "aws_subnet.subnet_1",
            "aws_subnet.subnet_2"
          ]
        }
      ]
    },
    {
      "mode": "managed",
      "type": "aws_lb_target_group_attachment",
      "name": "web-tg-attach",
      "provider": "provider[\"registry.terraform.io/hashicorp/aws\"]",
      "instances": [
        {
          "index_key": 0,
          "schema_version": 0,
          "attributes": {
            "availability_zone": null,
            "id": "arn:aws:elasticloadbalancing:eu-west-2:893272080292:targetgroup/alb-tg/18a94e6c5dad8754-20211013143548057000000001",
            "port": 80,
            "target_group_arn": "arn:aws:elasticloadbalancing:eu-west-2:893272080292:targetgroup/alb-tg/18a94e6c5dad8754",
            "target_id": "i-0b741559a970ff55f"
          },
          "sensitive_attributes": [],
          "private": "bnVsbA==",
          "dependencies": [
            "aws_instance.web",
            "aws_lb_target_group.alb-tg"
          ]
        },
        {
          "index_key": 1,
          "schema_version": 0,
          "attributes": {
            "availability_zone": null,
            "id": "arn:aws:elasticloadbalancing:eu-west-2:893272080292:targetgroup/alb-tg/18a94e6c5dad8754-20211013143548072400000002",
            "port": 80,
            "target_group_arn": "arn:aws:elasticloadbalancing:eu-west-2:893272080292:targetgroup/alb-tg/18a94e6c5dad8754",
            "target_id": "i-0db0584954f7d8244"
          },
          "sensitive_attributes": [],
          "private": "bnVsbA==",
          "dependencies": [
            "aws_instance.web",
            "aws_lb_target_group.alb-tg"
          ]
        }
      ]
    },
    {
      "mode": "managed",
      "type": "aws_route",
      "name": "route_to_gateway",
      "provider": "provider[\"registry.terraform.io/hashicorp/aws\"]",
      "instances": [
        {
          "schema_version": 0,
          "attributes": {
            "carrier_gateway_id": "",
            "destination_cidr_block": "0.0.0.0/0",
            "destination_ipv6_cidr_block": "",
            "destination_prefix_list_id": "",
            "egress_only_gateway_id": "",
            "gateway_id": "igw-03f63531fbfa9f907",
            "id": "r-rtb-036d8424ccd4773c31080289494",
            "instance_id": "",
            "instance_owner_id": "",
            "local_gateway_id": "",
            "nat_gateway_id": "",
            "network_interface_id": "",
            "origin": "CreateRoute",
            "route_table_id": "rtb-036d8424ccd4773c3",
            "state": "active",
            "timeouts": null,
            "transit_gateway_id": "",
            "vpc_endpoint_id": "",
            "vpc_peering_connection_id": ""
          },
          "sensitive_attributes": [],
          "private": "eyJlMmJmYjczMC1lY2FhLTExZTYtOGY4OC0zNDM2M2JjN2M0YzAiOnsiY3JlYXRlIjoxMjAwMDAwMDAwMDAsImRlbGV0ZSI6MzAwMDAwMDAwMDAwLCJ1cGRhdGUiOjEyMDAwMDAwMDAwMH19",
          "dependencies": [
            "aws_internet_gateway.internet_gateway",
            "aws_route_table.rt",
            "aws_vpc.vpc"
          ]
        }
      ]
    },
    {
      "mode": "managed",
      "type": "aws_route_table",
      "name": "rt",
      "provider": "provider[\"registry.terraform.io/hashicorp/aws\"]",
      "instances": [
        {
          "schema_version": 0,
          "attributes": {
            "arn": "arn:aws:ec2:eu-west-2:893272080292:route-table/rtb-036d8424ccd4773c3",
            "id": "rtb-036d8424ccd4773c3",
            "owner_id": "893272080292",
            "propagating_vgws": [],
            "route": [
              {
                "carrier_gateway_id": "",
                "cidr_block": "0.0.0.0/0",
                "destination_prefix_list_id": "",
                "egress_only_gateway_id": "",
                "gateway_id": "igw-03f63531fbfa9f907",
                "instance_id": "",
                "ipv6_cidr_block": "",
                "local_gateway_id": "",
                "nat_gateway_id": "",
                "network_interface_id": "",
                "transit_gateway_id": "",
                "vpc_endpoint_id": "",
                "vpc_peering_connection_id": ""
              }
            ],
            "tags": {
              "ManagedBy": "terraform",
              "Name": "route-table"
            },
            "tags_all": {
              "ManagedBy": "terraform",
              "Name": "route-table"
            },
            "timeouts": null,
            "vpc_id": "vpc-06cf3ac026d7261b3"
          },
          "sensitive_attributes": [],
          "private": "eyJlMmJmYjczMC1lY2FhLTExZTYtOGY4OC0zNDM2M2JjN2M0YzAiOnsiY3JlYXRlIjoxMjAwMDAwMDAwMDAsImRlbGV0ZSI6MzAwMDAwMDAwMDAwLCJ1cGRhdGUiOjEyMDAwMDAwMDAwMH19",
          "dependencies": [
            "aws_vpc.vpc"
          ]
        }
      ]
    },
    {
      "mode": "managed",
      "type": "aws_route_table_association",
      "name": "subnet_1",
      "provider": "provider[\"registry.terraform.io/hashicorp/aws\"]",
      "instances": [
        {
          "schema_version": 0,
          "attributes": {
            "gateway_id": "",
            "id": "rtbassoc-06c35803163040f67",
            "route_table_id": "rtb-036d8424ccd4773c3",
            "subnet_id": "subnet-064051fa66ca29dcb"
          },
          "sensitive_attributes": [],
          "private": "bnVsbA==",
          "dependencies": [
            "aws_route_table.rt",
            "aws_subnet.subnet_1",
            "aws_vpc.vpc"
          ]
        }
      ]
    },
    {
      "mode": "managed",
      "type": "aws_security_group",
      "name": "web_server",
      "provider": "provider[\"registry.terraform.io/hashicorp/aws\"]",
      "instances": [
        {
          "schema_version": 1,
          "attributes": {
            "arn": "arn:aws:ec2:eu-west-2:893272080292:security-group/sg-0d8dcf033d3733d7e",
            "description": "Allow standard HTTP, HTTPS, SSH and everything out",
            "egress": [
              {
                "cidr_blocks": [
                  "0.0.0.0/0"
                ],
                "description": "",
                "from_port": 0,
                "ipv6_cidr_blocks": [],
                "prefix_list_ids": [],
                "protocol": "-1",
                "security_groups": [],
                "self": false,
                "to_port": 0
              }
            ],
            "id": "sg-0d8dcf033d3733d7e",
            "ingress": [
              {
                "cidr_blocks": [
                  "0.0.0.0/0"
                ],
                "description": "",
                "from_port": 22,
                "ipv6_cidr_blocks": [],
                "prefix_list_ids": [],
                "protocol": "tcp",
                "security_groups": [],
                "self": false,
                "to_port": 22
              },
              {
                "cidr_blocks": [
                  "0.0.0.0/0"
                ],
                "description": "",
                "from_port": 443,
                "ipv6_cidr_blocks": [],
                "prefix_list_ids": [],
                "protocol": "tcp",
                "security_groups": [],
                "self": false,
                "to_port": 443
              },
              {
                "cidr_blocks": [
                  "0.0.0.0/0"
                ],
                "description": "",
                "from_port": 80,
                "ipv6_cidr_blocks": [],
                "prefix_list_ids": [],
                "protocol": "tcp",
                "security_groups": [],
                "self": false,
                "to_port": 80
              }
            ],
            "name": "web_server",
            "name_prefix": "",
            "owner_id": "893272080292",
            "revoke_rules_on_delete": false,
            "tags": {},
            "tags_all": {},
            "timeouts": null,
            "vpc_id": "vpc-06cf3ac026d7261b3"
          },
          "sensitive_attributes": [],
          "private": "eyJlMmJmYjczMC1lY2FhLTExZTYtOGY4OC0zNDM2M2JjN2M0YzAiOnsiY3JlYXRlIjo2MDAwMDAwMDAwMDAsImRlbGV0ZSI6OTAwMDAwMDAwMDAwfSwic2NoZW1hX3ZlcnNpb24iOiIxIn0=",
          "dependencies": [
            "aws_vpc.vpc"
          ]
        }
      ]
    },
    {
      "mode": "managed",
      "type": "aws_subnet",
      "name": "subnet_1",
      "provider": "provider[\"registry.terraform.io/hashicorp/aws\"]",
      "instances": [
        {
          "schema_version": 1,
          "attributes": {
            "arn": "arn:aws:ec2:eu-west-2:893272080292:subnet/subnet-064051fa66ca29dcb",
            "assign_ipv6_address_on_creation": false,
            "availability_zone": "eu-west-2a",
            "availability_zone_id": "euw2-az2",
            "cidr_block": "10.0.1.0/24",
            "customer_owned_ipv4_pool": "",
            "id": "subnet-064051fa66ca29dcb",
            "ipv6_cidr_block": "",
            "ipv6_cidr_block_association_id": "",
            "map_customer_owned_ip_on_launch": false,
            "map_public_ip_on_launch": true,
            "outpost_arn": "",
            "owner_id": "893272080292",
            "tags": {
              "ManagedBy": "terraform",
              "Name": "subnet_1"
            },
            "tags_all": {
              "ManagedBy": "terraform",
              "Name": "subnet_1"
            },
            "timeouts": null,
            "vpc_id": "vpc-06cf3ac026d7261b3"
          },
          "sensitive_attributes": [],
          "private": "eyJlMmJmYjczMC1lY2FhLTExZTYtOGY4OC0zNDM2M2JjN2M0YzAiOnsiY3JlYXRlIjo2MDAwMDAwMDAwMDAsImRlbGV0ZSI6MTIwMDAwMDAwMDAwMH0sInNjaGVtYV92ZXJzaW9uIjoiMSJ9",
          "dependencies": [
            "aws_vpc.vpc"
          ]
        }
      ]
    },
    {
      "mode": "managed",
      "type": "aws_subnet",
      "name": "subnet_2",
      "provider": "provider[\"registry.terraform.io/hashicorp/aws\"]",
      "instances": [
        {
          "schema_version": 1,
          "attributes": {
            "arn": "arn:aws:ec2:eu-west-2:893272080292:subnet/subnet-063c372cbb4544f20",
            "assign_ipv6_address_on_creation": false,
            "availability_zone": "eu-west-2b",
            "availability_zone_id": "euw2-az3",
            "cidr_block": "10.0.2.0/24",
            "customer_owned_ipv4_pool": "",
            "id": "subnet-063c372cbb4544f20",
            "ipv6_cidr_block": "",
            "ipv6_cidr_block_association_id": "",
            "map_customer_owned_ip_on_launch": false,
            "map_public_ip_on_launch": true,
            "outpost_arn": "",
            "owner_id": "893272080292",
            "tags": {
              "ManagedBy": "terraform",
              "Name": "subnet_2"
            },
            "tags_all": {
              "ManagedBy": "terraform",
              "Name": "subnet_2"
            },
            "timeouts": null,
            "vpc_id": "vpc-06cf3ac026d7261b3"
          },
          "sensitive_attributes": [],
          "private": "eyJlMmJmYjczMC1lY2FhLTExZTYtOGY4OC0zNDM2M2JjN2M0YzAiOnsiY3JlYXRlIjo2MDAwMDAwMDAwMDAsImRlbGV0ZSI6MTIwMDAwMDAwMDAwMH0sInNjaGVtYV92ZXJzaW9uIjoiMSJ9",
          "dependencies": [
            "aws_vpc.vpc"
          ]
        }
      ]
    },
    {
      "mode": "managed",
      "type": "aws_vpc",
      "name": "vpc",
      "provider": "provider[\"registry.terraform.io/hashicorp/aws\"]",
      "instances": [
        {
          "schema_version": 1,
          "attributes": {
            "arn": "arn:aws:ec2:eu-west-2:893272080292:vpc/vpc-06cf3ac026d7261b3",
            "assign_generated_ipv6_cidr_block": false,
            "cidr_block": "10.0.0.0/16",
            "default_network_acl_id": "acl-0c247c9c2fb390ea5",
            "default_route_table_id": "rtb-0862bab7dd7235701",
            "default_security_group_id": "sg-068207d410a97cd7e",
            "dhcp_options_id": "dopt-02457d6a",
            "enable_classiclink": null,
            "enable_classiclink_dns_support": null,
            "enable_dns_hostnames": true,
            "enable_dns_support": true,
            "id": "vpc-06cf3ac026d7261b3",
            "instance_tenancy": "default",
            "ipv6_association_id": "",
            "ipv6_cidr_block": "",
            "main_route_table_id": "rtb-0862bab7dd7235701",
            "owner_id": "893272080292",
            "tags": {
              "ManagedBy": "terraform",
              "Name": "test-vpc"
            },
            "tags_all": {
              "ManagedBy": "terraform",
              "Name": "test-vpc"
            }
          },
          "sensitive_attributes": [],
          "private": "eyJzY2hlbWFfdmVyc2lvbiI6IjEifQ=="
        }
      ]
    },
    {
      "mode": "managed",
      "type": "tls_private_key",
      "name": "web_key",
      "provider": "provider[\"registry.terraform.io/hashicorp/tls\"]",
      "instances": [
        {
          "schema_version": 0,
          "attributes": {
            "algorithm": "RSA",
            "ecdsa_curve": "P224",
            "id": "5e2870f068c125e175fda0ead809104beeda0c68",
            "private_key_pem": "-----BEGIN RSA PRIVATE KEY-----\nMIIJKQIBAAKCAgEAzhOeoi4vQSC+ivIWU4mGB1SOo12B3eG6D0EcAO/Pk2FCnsMN\nfotR0LZCoa6OPagYNTtQSeQfVGNxWnW0s6aqjET9RyquTfUMAikm8WtxAP7xjWCS\nUQnstfDfoot+XMydVOkNvy7/U7+h3lyOK19QMIGewjavFLNUjoA2mmeV0dVBdr4G\nIvNzTB08Et0aY5fI0ZHpZuueMr/wwIPBRviGafVEwqXQF3GAo6pdWaHJel2llvXm\nk0nsn4/NJ87ECexPQsgHj4HH2JwjmgPsp84zLsyIlJX8kAASWj6CU7FPKS85T8rC\nl9MLwDk48ipHWSO9mZQQFRrGkqHPaBQ6HAdE5NV8GAA7q4Wa91Tf4oB42T6oxEdX\nQ1k/G9qgRiqVqGNXe36i1N5VlggIK0WvQ3YvOQTh24N2IrvJivRfSxiwflQI82IE\nLWTYydL2FXTd5ZPhnhEboRXerPESO/4KEB4xe9v9N0Giey2dfK6Xdsb/r9J0yWu1\nI7kI3mm94dns7q1sE8Qiy//3w/rnwZYVjbaXaZsPrAp65qje9r00fe+RF0RjTdy+\nduvJtYAnlkdrqXxTbqKF6DhBlOCwzc56WaU2xQDyXN85e+yFzE3x2DdYPopucvS5\nK5Yg3/PdCmfKbopMBIIV6XmIWHWbyJcKy7ZYisAKvph0QOK9nxZckkZM7VcCAwEA\nAQKCAgBQhcoOhQ1h3XGWyVGAAtSkOJ4jp33/PRx+qWpP02TAqdhmQMEdGUM20oDm\nvFZIMU6EPlD5DnJPfyvjtOqO6Cjr9mkhTcQeIgo3Le1RmDHnubaZD4scr0wXK6+2\ny9rsV+eCLi547dxG1TJiuLe0quGikoN+T+/JnukDZYXwf1lDTJjv1QCA16/Npf67\nQDn3gG+vs9wHozmFiwp/rvvux11+OaBMjo3pGyiwyvj+9QDNF5qEikE2fERBdOct\nDtX7KqMt7QtHP+be9OPUYoQubZwCRVl49cJiYiTJrnMuULIl3ZX/X7L5sDV/PtzJ\ng0utwRFs2TYPiQ7ebOumN4EdQpngPCmzLpukDWIm0OsE8v0Yv6SO2mtDU31rIGEa\nhUBBKAGr+UAnvSOZrEGRED3IwoG0t8MvdOuiQ3AKyjS5sHnt+jqE+Qmmn8Mw+65J\nl76p05OJnrT+wPvo20qSTzIQ7iUZEbdR6JYzeWmzXzOg7tcK/rw94cBhmwnDfk0n\nWAbaLBzA0a4gQ05ajOukCZw715TzpivazsWTuz4AU6YRvQmpVaQ3eg4MCrXVX164\nYvP4L720ZqoU3UMWlAgfHw7pId0eXoXUZ/zy/htEmN7pArRUDXoEzxDqwgYDeVkn\n50/MG0xtScqUb8ZiwZ09LFIsiTsReAxnSwRJWT7/Eln21EVtAQKCAQEAzp2r/F4P\nOnyCDABDPZkUk5nP+f1I1ehNALr1eCPaocbuCl8ASGOtLQoUBMCtGKjziEAL1RAV\njGOyXRobjTjtNur1XMQD0I9M3XGdzv8Jjt5700n6l/zSxtAyrTiINZTlfNmHPiP9\n6dLagDEebNqyP/x8Oh8ZWS9VuhcUOJ/HqWrk6iuD5+dClzHr5lHBbWhTCl3dBDJo\nPKRYv05yZKQDVZ5WzulPJ+GGG+H3QX9Os7drTQjI6mr0Y/FcXroCPSElhvbsRyBZ\nkKHrgEylBnCYr+yaTSuOZqSsvBIM5P3H21jpuxCWC6iTnVYrZnmbe/mA29FcsIYT\nMAp92JyWCGL4xwKCAQEA/1TzkdVEOw/cV32YFVkNjtqqalx69yKtmoNllkP+dVH4\n6U6d/WY0g2M0vxBoIwnCEr8Ci1a0V5oq3Np1ynOA6s7TMsUqC4L7kh2lksEDWErm\nPN+C7E0UjghRg/VwO+KnQhrGKuuxz++dNrooV6pe2A5J2tSgnP83gsd04tGmJXHm\nAoYY+XKn/BSs7UNNui5Bj3/5dwtJtgdRR33dIEkQvZv3eJ/ARSC6BC5Z0/mt1y+b\nALr812VYCeqtlf/CfEFyagZydJNi3kRNDE+HJg4MXQuzS5rKqXB4ALlNpCboob+Y\nRqmIROYPyAl8JPov38N105xRb9okIC6bq2KkhuN28QKCAQEAnW2X0LeeZNLfh+Nf\nWHzeJ8SnqfPqXkoc+fR5+mtfN6rKTw6puX5xQgMO07w3Z7W7sVITcelKcei4y6WL\n3qPEYvbNszwLKAs35vad5k1+6+Prd0dD8DCMLT4PjtqnNiRYYzOfj6J+4n1tTQWg\nCBLuhECOKv7tIn4llJ/nIWnlCNpQx3gWjkkv/OHlu10Jw6Icu6ZfM8Zwk9wpXsKX\n+MTbYY4+2HL+hAWbWH1pFve4cMjNsimCZNLPmaMa3XZfJFKwNFDKITut4rztIpnD\nl8+NF2Zw/2Gzo9PPZZFfT89qS2BI3ua5XPK6XsR8Vx1Lcj/ehh7UwA+4aP9lefl9\ne7BlmwKCAQEA2nvH3D8gnmVpB1iKHaJRLq8/6blu4zBCWxgagmV2RM+67XD/Ugj1\n4IOwa9nPMkQ0VDQsKi0sLlXWXZt19aG2a7ZFFImP+7++Iv7JYnVUtmWI9AfSEP+4\nGf1WO1N3EVdWBgPBFJMQWTzRSzYqNTGs7LX1TpJpSU4+IuMnyrrYr+vxhLFYh4Mr\n6VGL046m4SyZnwBD6DC5h1BlpYY3BFxhPc5LCWWxcbWaVt+OsAtTTPIIcayPlIS8\nu+ebV+I9enPKQp13rPc9P7I0N9eJbu/QdoH/jy9KQYjitsPZgyBkKZw34idJWqN+\nV45+M2n+MzwfA88cBFkmVn9rZ1EGNgJIEQKCAQBjUbDinS7MPvqcDxk+wbQomTUE\nq7rjjccrmySfyqBQfF+4aaYY/y0EVBlF7x03rXhFt+7XMzJ7emj/I8g+bztlVAjm\nqptgzq9XXRhbPyt61FW97R/B2HdTHlGGv8S7sREEAbqHDHTZXAUhTAjViPNV79dW\nSd3Y4rz2NkBOZdOnL35JKP2mPqchtRHbyaHRn6dvH72EStr8c1qf2K3Rgd7VZDRo\n1h8zH6OSsgKNujrH1lmf4FsuDH6HHjN/R+axerUEN4xQnu9yRXDOSMiNY8ieBvvl\nfxIMDHKPZiA1A4B3t01AcXQ/Iprtg5qB8QyUyTi195Q/lrMZRIcABYVrqhyu\n-----END RSA PRIVATE KEY-----\n",
            "public_key_fingerprint_md5": "b4:97:a0:30:4e:70:54:e5:92:15:7c:df:ac:9c:9d:8d",
            "public_key_openssh": "ssh-rsa AAAAB3NzaC1yc2EAAAADAQABAAACAQDOE56iLi9BIL6K8hZTiYYHVI6jXYHd4boPQRwA78+TYUKeww1+i1HQtkKhro49qBg1O1BJ5B9UY3FadbSzpqqMRP1HKq5N9QwCKSbxa3EA/vGNYJJRCey18N+ii35czJ1U6Q2/Lv9Tv6HeXI4rX1AwgZ7CNq8Us1SOgDaaZ5XR1UF2vgYi83NMHTwS3Rpjl8jRkelm654yv/DAg8FG+IZp9UTCpdAXcYCjql1Zocl6XaWW9eaTSeyfj80nzsQJ7E9CyAePgcfYnCOaA+ynzjMuzIiUlfyQABJaPoJTsU8pLzlPysKX0wvAOTjyKkdZI72ZlBAVGsaSoc9oFDocB0Tk1XwYADurhZr3VN/igHjZPqjER1dDWT8b2qBGKpWoY1d7fqLU3lWWCAgrRa9Ddi85BOHbg3Yiu8mK9F9LGLB+VAjzYgQtZNjJ0vYVdN3lk+GeERuhFd6s8RI7/goQHjF72/03QaJ7LZ18rpd2xv+v0nTJa7UjuQjeab3h2ezurWwTxCLL//fD+ufBlhWNtpdpmw+sCnrmqN72vTR975EXRGNN3L5268m1gCeWR2upfFNuooXoOEGU4LDNznpZpTbFAPJc3zl77IXMTfHYN1g+im5y9LkrliDf890KZ8puikwEghXpeYhYdZvIlwrLtliKwAq+mHRA4r2fFlySRkztVw==\n",
            "public_key_pem": "-----BEGIN PUBLIC KEY-----\nMIICIjANBgkqhkiG9w0BAQEFAAOCAg8AMIICCgKCAgEAzhOeoi4vQSC+ivIWU4mG\nB1SOo12B3eG6D0EcAO/Pk2FCnsMNfotR0LZCoa6OPagYNTtQSeQfVGNxWnW0s6aq\njET9RyquTfUMAikm8WtxAP7xjWCSUQnstfDfoot+XMydVOkNvy7/U7+h3lyOK19Q\nMIGewjavFLNUjoA2mmeV0dVBdr4GIvNzTB08Et0aY5fI0ZHpZuueMr/wwIPBRviG\nafVEwqXQF3GAo6pdWaHJel2llvXmk0nsn4/NJ87ECexPQsgHj4HH2JwjmgPsp84z\nLsyIlJX8kAASWj6CU7FPKS85T8rCl9MLwDk48ipHWSO9mZQQFRrGkqHPaBQ6HAdE\n5NV8GAA7q4Wa91Tf4oB42T6oxEdXQ1k/G9qgRiqVqGNXe36i1N5VlggIK0WvQ3Yv\nOQTh24N2IrvJivRfSxiwflQI82IELWTYydL2FXTd5ZPhnhEboRXerPESO/4KEB4x\ne9v9N0Giey2dfK6Xdsb/r9J0yWu1I7kI3mm94dns7q1sE8Qiy//3w/rnwZYVjbaX\naZsPrAp65qje9r00fe+RF0RjTdy+duvJtYAnlkdrqXxTbqKF6DhBlOCwzc56WaU2\nxQDyXN85e+yFzE3x2DdYPopucvS5K5Yg3/PdCmfKbopMBIIV6XmIWHWbyJcKy7ZY\nisAKvph0QOK9nxZckkZM7VcCAwEAAQ==\n-----END PUBLIC KEY-----\n",
            "rsa_bits": 4096
          },
          "sensitive_attributes": [],
          "private": "bnVsbA=="
        }
      ]
    }
  ]
}
