{
  "version": 4,
  "terraform_version": "1.0.3",
  "serial": 45,
  "lineage": "4c859fe8-7b58-aa21-a249-80170d010d7f",
  "outputs": {
    "instance_dns": {
      "value": "ec2-52-56-242-53.eu-west-2.compute.amazonaws.com",
      "type": "string"
    }
  },
  "resources": [
    {
      "mode": "managed",
      "type": "aws_eip",
      "name": "web_eip",
      "provider": "provider[\"registry.terraform.io/hashicorp/aws\"]",
      "instances": [
        {
          "schema_version": 0,
          "attributes": {
            "address": null,
            "allocation_id": null,
            "associate_with_private_ip": null,
            "association_id": "eipassoc-0f14dcae46d57c820",
            "carrier_ip": "",
            "customer_owned_ip": "",
            "customer_owned_ipv4_pool": "",
            "domain": "vpc",
            "id": "eipalloc-0e49adf65b611b4d7",
            "instance": "i-05d31caeb572204db",
            "network_border_group": "eu-west-2",
            "network_interface": "eni-0fab486d9393f365d",
            "private_dns": "ip-10-0-1-22.eu-west-2.compute.internal",
            "private_ip": "10.0.1.22",
            "public_dns": "ec2-3-9-255-136.eu-west-2.compute.amazonaws.com",
            "public_ip": "3.9.255.136",
            "public_ipv4_pool": "amazon",
            "tags": {
              "ManagedBy": "terraform",
              "Name": "eip"
            },
            "tags_all": {
              "ManagedBy": "terraform",
              "Name": "eip"
            },
            "timeouts": null,
            "vpc": true
          },
          "sensitive_attributes": [],
          "private": "eyJlMmJmYjczMC1lY2FhLTExZTYtOGY4OC0zNDM2M2JjN2M0YzAiOnsiZGVsZXRlIjoxODAwMDAwMDAwMDAsInJlYWQiOjkwMDAwMDAwMDAwMCwidXBkYXRlIjozMDAwMDAwMDAwMDB9fQ==",
          "dependencies": [
            "aws_instance.web",
            "aws_key_pair.generated_key",
            "aws_security_group.web_server",
            "aws_subnet.subnet_1",
            "tls_private_key.web_key"
          ]
        }
      ]
    },
    {
      "mode": "managed",
      "type": "aws_instance",
      "name": "web",
      "provider": "provider[\"registry.terraform.io/hashicorp/aws\"]",
      "instances": [
        {
          "schema_version": 1,
          "attributes": {
            "ami": "ami-403e2524",
            "arn": "arn:aws:ec2:eu-west-2:893272080292:instance/i-05d31caeb572204db",
            "associate_public_ip_address": true,
            "availability_zone": "eu-west-2a",
            "capacity_reservation_specification": [
              {
                "capacity_reservation_preference": "open",
                "capacity_reservation_target": []
              }
            ],
            "cpu_core_count": 1,
            "cpu_threads_per_core": 1,
            "credit_specification": [
              {
                "cpu_credits": "standard"
              }
            ],
            "disable_api_termination": false,
            "ebs_block_device": [],
            "ebs_optimized": false,
            "enclave_options": [
              {
                "enabled": false
              }
            ],
            "ephemeral_block_device": [],
            "get_password_data": false,
            "hibernation": false,
            "host_id": null,
            "iam_instance_profile": "",
            "id": "i-05d31caeb572204db",
            "instance_initiated_shutdown_behavior": "stop",
            "instance_state": "running",
            "instance_type": "t2.micro",
            "ipv6_address_count": 0,
            "ipv6_addresses": [],
            "key_name": "infinityworks.pem",
            "launch_template": [],
            "metadata_options": [
              {
                "http_endpoint": "enabled",
                "http_put_response_hop_limit": 1,
                "http_tokens": "optional"
              }
            ],
            "monitoring": false,
            "network_interface": [],
            "outpost_arn": "",
            "password_data": "",
            "placement_group": "",
            "primary_network_interface_id": "eni-0fab486d9393f365d",
            "private_dns": "ip-10-0-1-22.eu-west-2.compute.internal",
            "private_ip": "10.0.1.22",
            "public_dns": "ec2-52-56-242-53.eu-west-2.compute.amazonaws.com",
            "public_ip": "52.56.242.53",
            "root_block_device": [
              {
                "delete_on_termination": true,
                "device_name": "/dev/xvda",
                "encrypted": false,
                "iops": 100,
                "kms_key_id": "",
                "tags": {},
                "throughput": 0,
                "volume_id": "vol-09a193b4a56124d4e",
                "volume_size": 8,
                "volume_type": "gp2"
              }
            ],
            "secondary_private_ips": [],
            "security_groups": [],
            "source_dest_check": true,
            "subnet_id": "subnet-05f12c5df0467073a",
            "tags": {
              "Name": "web"
            },
            "tags_all": {
              "Name": "web"
            },
            "tenancy": "default",
            "timeouts": null,
            "user_data": "491b6fbaf6bd0ba3db7caba0951e20dd56225d60",
            "user_data_base64": null,
            "volume_tags": null,
            "vpc_security_group_ids": [
              "sg-056008e35a54c9182"
            ]
          },
          "sensitive_attributes": [],
          "private": "eyJlMmJmYjczMC1lY2FhLTExZTYtOGY4OC0zNDM2M2JjN2M0YzAiOnsiY3JlYXRlIjo2MDAwMDAwMDAwMDAsImRlbGV0ZSI6MTIwMDAwMDAwMDAwMCwidXBkYXRlIjo2MDAwMDAwMDAwMDB9LCJzY2hlbWFfdmVyc2lvbiI6IjEifQ==",
          "dependencies": [
            "aws_key_pair.generated_key",
            "aws_security_group.web_server",
            "aws_subnet.subnet_1",
            "tls_private_key.web_key"
          ]
        }
      ]
    },
    {
      "mode": "managed",
      "type": "aws_internet_gateway",
      "name": "internet_gateway",
      "provider": "provider[\"registry.terraform.io/hashicorp/aws\"]",
      "instances": [
        {
          "schema_version": 0,
          "attributes": {
            "arn": "arn:aws:ec2:eu-west-2:893272080292:internet-gateway/igw-0329ab8afcf8f98f3",
            "id": "igw-0329ab8afcf8f98f3",
            "owner_id": "893272080292",
            "tags": {
              "ManagedBy": "terraform",
              "Name": "test-igw"
            },
            "tags_all": {
              "ManagedBy": "terraform",
              "Name": "test-igw"
            },
            "vpc_id": "vpc-0c2bfc3e3827c0a18"
          },
          "sensitive_attributes": [],
          "private": "bnVsbA==",
          "dependencies": [
            "aws_vpc.vpc"
          ]
        }
      ]
    },
    {
      "mode": "managed",
      "type": "aws_key_pair",
      "name": "generated_key",
      "provider": "provider[\"registry.terraform.io/hashicorp/aws\"]",
      "instances": [
        {
          "schema_version": 1,
          "attributes": {
            "arn": "arn:aws:ec2:eu-west-2:893272080292:key-pair/infinityworks.pem",
            "fingerprint": "14:53:bf:30:81:3a:1f:12:4b:11:5f:e1:9d:50:ba:80",
            "id": "infinityworks.pem",
            "key_name": "infinityworks.pem",
            "key_name_prefix": null,
            "key_pair_id": "key-019b58635d572ecb8",
            "public_key": "ssh-rsa AAAAB3NzaC1yc2EAAAADAQABAAACAQDDzJrKaTQlCxfDa+vlWmpWtedhZr7clgspw0Q3Xled0lwlURnE6Qnwquapad97jeekeaJxJYqzJraFOV04RM9nYldvWrT34TrtNQ62G9ZA0n2LAa/fut/UImyUMJeJF9Se5OuFAuhIE/E25/2xZE6ru+JQQ7RoGY1MbFKd5y/vL3kyyq5HrYG6ENr1I93ULsgoUn+QlbnTD/XOsOWwRjhSR1CFFz9aD5N4QS0fTsmKrVmO6QkXrasi44UKnWdfL4lvNjffWhvH0+fFVQMCYnu9VtoZSmcKrpj/zjr7JpGEtSS+MNkfvEYOVTs1U8Qm+PAvX6H22pazVCaeZm+zre4OZCVx7DqDOdv0W7+mrW62dAZShFLXXWYHl2CrGTVf5yPN9D3uTOba2tjj2qKpTGrWjKWATeUcBWjx6OfSwKO7PZjJjd6AK2MeHWVHxuhbI90MypuvUgIe3OsgGoz6R/XB/EBJMMJhy+hXlT+nUt5KIp5CeqP99kChDetT31Su9lwj8mPCdyDD5bhBUMlv+6XIjf7RbV7gvsuErZYW7GdeuryrbZW0FDDYtKaWR3AQ8ayRTc/Cfr8bf0RO5vDVC1CWi3dHJQAeMP1YWu+sluBAu5o4dKAW9rP/2H17dL001uCjdDyrIQccGn42J/FdSZi0VIgTak+OKs8neIZAdkSs8w==",
            "tags": null,
            "tags_all": {}
          },
          "sensitive_attributes": [],
          "private": "eyJzY2hlbWFfdmVyc2lvbiI6IjEifQ==",
          "dependencies": [
            "tls_private_key.web_key"
          ]
        }
      ]
    },
    {
      "mode": "managed",
      "type": "aws_route",
      "name": "route_to_gateway",
      "provider": "provider[\"registry.terraform.io/hashicorp/aws\"]",
      "instances": [
        {
          "schema_version": 0,
          "attributes": {
            "carrier_gateway_id": "",
            "destination_cidr_block": "0.0.0.0/0",
            "destination_ipv6_cidr_block": "",
            "destination_prefix_list_id": "",
            "egress_only_gateway_id": "",
            "gateway_id": "igw-0329ab8afcf8f98f3",
            "id": "r-rtb-05d8816b5e71203771080289494",
            "instance_id": "",
            "instance_owner_id": "",
            "local_gateway_id": "",
            "nat_gateway_id": "",
            "network_interface_id": "",
            "origin": "CreateRoute",
            "route_table_id": "rtb-05d8816b5e7120377",
            "state": "active",
            "timeouts": null,
            "transit_gateway_id": "",
            "vpc_endpoint_id": "",
            "vpc_peering_connection_id": ""
          },
          "sensitive_attributes": [],
          "private": "eyJlMmJmYjczMC1lY2FhLTExZTYtOGY4OC0zNDM2M2JjN2M0YzAiOnsiY3JlYXRlIjoxMjAwMDAwMDAwMDAsImRlbGV0ZSI6MzAwMDAwMDAwMDAwLCJ1cGRhdGUiOjEyMDAwMDAwMDAwMH19",
          "dependencies": [
            "aws_vpc.vpc",
            "aws_internet_gateway.internet_gateway",
            "aws_route_table.rt"
          ]
        }
      ]
    },
    {
      "mode": "managed",
      "type": "aws_route_table",
      "name": "rt",
      "provider": "provider[\"registry.terraform.io/hashicorp/aws\"]",
      "instances": [
        {
          "schema_version": 0,
          "attributes": {
            "arn": "arn:aws:ec2:eu-west-2:893272080292:route-table/rtb-05d8816b5e7120377",
            "id": "rtb-05d8816b5e7120377",
            "owner_id": "893272080292",
            "propagating_vgws": [],
            "route": [
              {
                "carrier_gateway_id": "",
                "cidr_block": "0.0.0.0/0",
                "destination_prefix_list_id": "",
                "egress_only_gateway_id": "",
                "gateway_id": "igw-0329ab8afcf8f98f3",
                "instance_id": "",
                "ipv6_cidr_block": "",
                "local_gateway_id": "",
                "nat_gateway_id": "",
                "network_interface_id": "",
                "transit_gateway_id": "",
                "vpc_endpoint_id": "",
                "vpc_peering_connection_id": ""
              }
            ],
            "tags": {
              "ManagedBy": "terraform",
              "Name": "route-table"
            },
            "tags_all": {
              "ManagedBy": "terraform",
              "Name": "route-table"
            },
            "timeouts": null,
            "vpc_id": "vpc-0c2bfc3e3827c0a18"
          },
          "sensitive_attributes": [],
          "private": "eyJlMmJmYjczMC1lY2FhLTExZTYtOGY4OC0zNDM2M2JjN2M0YzAiOnsiY3JlYXRlIjoxMjAwMDAwMDAwMDAsImRlbGV0ZSI6MzAwMDAwMDAwMDAwLCJ1cGRhdGUiOjEyMDAwMDAwMDAwMH19",
          "dependencies": [
            "aws_vpc.vpc"
          ]
        }
      ]
    },
    {
      "mode": "managed",
      "type": "aws_route_table_association",
      "name": "subnet_1",
      "provider": "provider[\"registry.terraform.io/hashicorp/aws\"]",
      "instances": [
        {
          "schema_version": 0,
          "attributes": {
            "gateway_id": "",
            "id": "rtbassoc-0ea4c7941d79d39b4",
            "route_table_id": "rtb-05d8816b5e7120377",
            "subnet_id": "subnet-05f12c5df0467073a"
          },
          "sensitive_attributes": [],
          "private": "bnVsbA==",
          "dependencies": [
            "aws_route_table.rt",
            "aws_subnet.subnet_1",
            "aws_vpc.vpc"
          ]
        }
      ]
    },
    {
      "mode": "managed",
      "type": "aws_security_group",
      "name": "web_server",
      "provider": "provider[\"registry.terraform.io/hashicorp/aws\"]",
      "instances": [
        {
          "schema_version": 1,
          "attributes": {
            "arn": "arn:aws:ec2:eu-west-2:893272080292:security-group/sg-056008e35a54c9182",
            "description": "Allow standard HTTP, HTTPS, SSH and everything out",
            "egress": [
              {
                "cidr_blocks": [
                  "0.0.0.0/0"
                ],
                "description": "",
                "from_port": 0,
                "ipv6_cidr_blocks": [],
                "prefix_list_ids": [],
                "protocol": "-1",
                "security_groups": [],
                "self": false,
                "to_port": 0
              }
            ],
            "id": "sg-056008e35a54c9182",
            "ingress": [
              {
                "cidr_blocks": [
                  "0.0.0.0/0"
                ],
                "description": "",
                "from_port": 22,
                "ipv6_cidr_blocks": [],
                "prefix_list_ids": [],
                "protocol": "tcp",
                "security_groups": [],
                "self": false,
                "to_port": 22
              },
              {
                "cidr_blocks": [
                  "0.0.0.0/0"
                ],
                "description": "",
                "from_port": 443,
                "ipv6_cidr_blocks": [],
                "prefix_list_ids": [],
                "protocol": "tcp",
                "security_groups": [],
                "self": false,
                "to_port": 443
              },
              {
                "cidr_blocks": [
                  "0.0.0.0/0"
                ],
                "description": "",
                "from_port": 80,
                "ipv6_cidr_blocks": [],
                "prefix_list_ids": [],
                "protocol": "tcp",
                "security_groups": [],
                "self": false,
                "to_port": 80
              }
            ],
            "name": "web_server",
            "name_prefix": "",
            "owner_id": "893272080292",
            "revoke_rules_on_delete": false,
            "tags": {},
            "tags_all": {},
            "timeouts": null,
            "vpc_id": "vpc-0c2bfc3e3827c0a18"
          },
          "sensitive_attributes": [],
          "private": "eyJlMmJmYjczMC1lY2FhLTExZTYtOGY4OC0zNDM2M2JjN2M0YzAiOnsiY3JlYXRlIjo2MDAwMDAwMDAwMDAsImRlbGV0ZSI6OTAwMDAwMDAwMDAwfSwic2NoZW1hX3ZlcnNpb24iOiIxIn0=",
          "dependencies": [
            "aws_vpc.vpc"
          ]
        }
      ]
    },
    {
      "mode": "managed",
      "type": "aws_subnet",
      "name": "subnet_1",
      "provider": "provider[\"registry.terraform.io/hashicorp/aws\"]",
      "instances": [
        {
          "schema_version": 1,
          "attributes": {
            "arn": "arn:aws:ec2:eu-west-2:893272080292:subnet/subnet-05f12c5df0467073a",
            "assign_ipv6_address_on_creation": false,
            "availability_zone": "eu-west-2a",
            "availability_zone_id": "euw2-az2",
            "cidr_block": "10.0.1.0/24",
            "customer_owned_ipv4_pool": "",
            "id": "subnet-05f12c5df0467073a",
            "ipv6_cidr_block": "",
            "ipv6_cidr_block_association_id": "",
            "map_customer_owned_ip_on_launch": false,
            "map_public_ip_on_launch": true,
            "outpost_arn": "",
            "owner_id": "893272080292",
            "tags": {
              "ManagedBy": "terraform",
              "Name": "subnet_1"
            },
            "tags_all": {
              "ManagedBy": "terraform",
              "Name": "subnet_1"
            },
            "timeouts": null,
            "vpc_id": "vpc-0c2bfc3e3827c0a18"
          },
          "sensitive_attributes": [],
          "private": "eyJlMmJmYjczMC1lY2FhLTExZTYtOGY4OC0zNDM2M2JjN2M0YzAiOnsiY3JlYXRlIjo2MDAwMDAwMDAwMDAsImRlbGV0ZSI6MTIwMDAwMDAwMDAwMH0sInNjaGVtYV92ZXJzaW9uIjoiMSJ9",
          "dependencies": [
            "aws_vpc.vpc"
          ]
        }
      ]
    },
    {
      "mode": "managed",
      "type": "aws_vpc",
      "name": "vpc",
      "provider": "provider[\"registry.terraform.io/hashicorp/aws\"]",
      "instances": [
        {
          "schema_version": 1,
          "attributes": {
            "arn": "arn:aws:ec2:eu-west-2:893272080292:vpc/vpc-0c2bfc3e3827c0a18",
            "assign_generated_ipv6_cidr_block": false,
            "cidr_block": "10.0.0.0/16",
            "default_network_acl_id": "acl-0ceb1e579cbc1f33f",
            "default_route_table_id": "rtb-0a83413043e8699f3",
            "default_security_group_id": "sg-02ef5a35eff0e7dda",
            "dhcp_options_id": "dopt-02457d6a",
            "enable_classiclink": null,
            "enable_classiclink_dns_support": null,
            "enable_dns_hostnames": true,
            "enable_dns_support": true,
            "id": "vpc-0c2bfc3e3827c0a18",
            "instance_tenancy": "default",
            "ipv6_association_id": "",
            "ipv6_cidr_block": "",
            "main_route_table_id": "rtb-0a83413043e8699f3",
            "owner_id": "893272080292",
            "tags": {
              "ManagedBy": "terraform",
              "Name": "test-vpc"
            },
            "tags_all": {
              "ManagedBy": "terraform",
              "Name": "test-vpc"
            }
          },
          "sensitive_attributes": [],
          "private": "eyJzY2hlbWFfdmVyc2lvbiI6IjEifQ=="
        }
      ]
    },
    {
      "mode": "managed",
      "type": "tls_private_key",
      "name": "web_key",
      "provider": "provider[\"registry.terraform.io/hashicorp/tls\"]",
      "instances": [
        {
          "schema_version": 0,
          "attributes": {
            "algorithm": "RSA",
            "ecdsa_curve": "P224",
            "id": "094eef02ada456ec0d46672f980e0cffca8a76a7",
            "private_key_pem": "-----BEGIN RSA PRIVATE KEY-----\nMIIJKQIBAAKCAgEAw8yaymk0JQsXw2vr5VpqVrXnYWa+3JYLKcNEN15XndJcJVEZ\nxOkJ8KrmqWnfe43npHmicSWKsya2hTldOETPZ2JXb1q09+E67TUOthvWQNJ9iwGv\n37rf1CJslDCXiRfUnuTrhQLoSBPxNuf9sWROq7viUEO0aBmNTGxSnecv7y95Msqu\nR62BuhDa9SPd1C7IKFJ/kJW50w/1zrDlsEY4UkdQhRc/Wg+TeEEtH07Jiq1ZjukJ\nF62rIuOFCp1nXy+JbzY331obx9PnxVUDAmJ7vVbaGUpnCq6Y/846+yaRhLUkvjDZ\nH7xGDlU7NVPEJvjwL1+h9tqWs1QmnmZvs63uDmQlcew6gznb9Fu/pq1utnQGUoRS\n111mB5dgqxk1X+cjzfQ97kzm2trY49qiqUxq1oylgE3lHAVo8ejn0sCjuz2YyY3e\ngCtjHh1lR8boWyPdDMqbr1ICHtzrIBqM+kf1wfxASTDCYcvoV5U/p1LeSiKeQnqj\n/fZAoQ3rU99UrvZcI/Jjwncgw+W4QVDJb/ulyI3+0W1e4L7LhK2WFuxnXrq8q22V\ntBQw2LSmlkdwEPGskU3Pwn6/G39ETubw1QtQlot3RyUAHjD9WFrvrJbgQLuaOHSg\nFvaz/9h9e3S9NNbgo3Q8qyEHHBp+NifxXUmYtFSIE2pPjirPJ3iGQHZErPMCAwEA\nAQKCAgAQ0fziMpN2MzPBZ/4F3/SOqmXMKkVvMbyXw9ySXRptxmqAEi2Civp9oFDc\ncOnv9UrXCFP6IF1/8m1vmHP3p4GhwgL83+/383NaeVpgLpgDTZHXZTe0opsj4Ckv\nudTqxA9R7xyEerF1r7DjJJ7YpGNVwXg5qPdQkhFfZVbblca6Z3uj72F1auRgFZ6Z\nvJEL71Dmld+7jgE+rnpRXUT+Fao090dlh4+7rubeR8sWi3Ao56dv7XkIfbTb9Guz\nc74zoSPPV/sIxvbn/b5FZ34wsEEtDM8DqS6c7k7aet76QF/z5JPZetzMKyJhjNTf\nSejp6CzKBQ8m47Rah3oh1W73IpP2pgfF4xDoP4L0xwoR64UNM7HiAs6w+7iMfZ9I\nnGWwLfWnyqpLZ71LxDg3ltantvwx2hAJOQ/bLi40oTdx588sSbjAnJEhv1vFo5wY\nOtjPPzo1Y81qeY5TF9u5q4rFppGzUZlWNFnSjy2zt3UTM6pKR+MMkufkYuBV5+NC\nfJkCu4llvZgLzzP6SsaY5he0aNFyGCZVqbt8aLojnCGwZ6035bTwXnQDxKv57Riu\nz+W6S0F9OCEt8yfZ9MdjTEpKWfQxDR5eVvJVWmCxWJmR8RuVyA3LLlAdrJlue3bU\n0yq9S1dBj2nrTGMMappuu2tsX62rVBGx0XX4NH4VNUzr8TD0cQKCAQEA1r3+Su5b\n94PryGKHC8/p1ZKtm6XNqrRBL9vhX/a6E+RJEC+6gdQSSxMj7Jci+SNQ4VsSc6u/\n3t6oVCgjOGQ57H1ZwKqCzrlhLbZGuSbYgRfMF+HNIzJzQCTZvSrR3IM1W9cLhazM\nmqnjyN/DYCDVIGV3xZbkFAjbTiHkS2BewiRqFoszNu1bcKBnlMS5I40RJ6BrcXiN\ns9GDRcBuNm3b80Jl7CiBJyQXq4/17orvz8vq7SHr6gYlXBI1FAH/lXWFoAkqPkxD\npEhMV05QJrvH3UA2VdaysRB9KuAbhRzB7rEVOyGLGhhTIoz3LmL/5BbVKrXJwMzm\n9XXDu8TwJjunPQKCAQEA6WrpRSNCy5xRPO5QNnJ6X75pT5by2l28TVZ8+8zallMs\nezI2P0O7fPLGP20rrFCrTqBmtYaO5OiOingQU+hg/fB/SuVPpEF5TdHu0pjDqEBz\nQtThaUALXYh0xzgWt1JzvZLPXt/Lh6BbAnLeANvsxTsLXlzjjoTa7ajFV5eVYq7N\nF+B/pJwawlpX7gI8acqOZ1l+/WS5+pULlCep7ALOZn7/PEstQaMNjzMBFR6BNnCt\n8XCKRBEIep7Ft8Kbbby8pfov8GcV5utCs737pUYUfFYKqfV/tCxT/AmU9Hdpzybg\nCjQxSsJeffOMvIcCCpBgZykNCusRrgPrFg29KhJn7wKCAQAy09WUtsZd14O/clK0\noQmf24/r/1qmxPOI+Gpn5GY2vxnsEt/6Ss/ppSYjocJNZeaG8J91cXmArwL4qGdt\nuYtcRm8wAyvi8k3mG/axbFhiddeA75k2c4KD9DT1aWUy5HuEuWmowjXLhdq8ePot\njpfjiyDGS+jANThzTeJTVQQYv7W8kEYXAidaiRz7QXTwzTr6PiYwPXCM11JS+DEe\nAPLGqTimpQ+szAYuPWzggVIxxPpeFmFYiwvctxKJIc/0+FQghQrSpAp+n/4xy/98\nq4WrAL/boW26K0T1GQZqg1wDuzZjQJVEH+3Nh8AZ4qTev+jEqzKNx/ICt1UU5JBS\n/FuhAoIBAQCZF6330rC0qsn9lLC3hU4ODe00bmTKJECk2N0QqcOUZOj/xGcgB2Sp\nBvJQF2JVmnNBFqNG3AJM0NrspuLOpdM3us1CajRaHzdYeyCQr/FkISF36/gL+B18\nM0ukfn0nr8SJygiIyW/MfLg0WvKQza31jkxej74Qc8LDrbYBRUKNfui1iGEvrdM/\nNdIGISFOobPUxTYtLCtu1uLJQVqJmS2WvCTbftMoAbGbAnDrUR6efjkX6iBFlIZj\nJk+3vsQCrY9trTJUEsiitBsDmM+8DsLQ6f4Eiyg/G/PZks9HqCqV24GGL8VEq0ce\nhOcBn+sO0rLn9ly/lH38DEXcKRawyXGxAoIBAQDI33flDCZhjU7+pE5p+LXqcnuB\nJuKqIeoxN8TX8nPMc0d1b9Xno3oBcVcQ3iidg3ecU+apa/VG9CbitkwTwrL217MI\n/pl47UkdthBHCcjUHvw+iRV8MLpfTwRusYJxQ2Xjr5B0nB6/P47ROELn1O+ncj5k\nBjFqCREHvfBYNJKx2LBXTmeZj+0N5SWzOTWaYJPrw367s3u+Aj3UYCj6FUrQyJTv\nUJZFHnTqkpoOeW6qCK40KwttYIijIVxSiJNyPQd7NZBnlKvSbxrkmwDtRGgznVX6\nXewhhr7dIBP3kj4vqYQu88wwbFUGA71pSTcGMYzuURYxMQYAYoUWv6vzF38j\n-----END RSA PRIVATE KEY-----\n",
            "public_key_fingerprint_md5": "38:d2:d3:0d:b2:0f:72:b5:f0:4d:7d:75:9e:97:cb:0e",
            "public_key_openssh": "ssh-rsa AAAAB3NzaC1yc2EAAAADAQABAAACAQDDzJrKaTQlCxfDa+vlWmpWtedhZr7clgspw0Q3Xled0lwlURnE6Qnwquapad97jeekeaJxJYqzJraFOV04RM9nYldvWrT34TrtNQ62G9ZA0n2LAa/fut/UImyUMJeJF9Se5OuFAuhIE/E25/2xZE6ru+JQQ7RoGY1MbFKd5y/vL3kyyq5HrYG6ENr1I93ULsgoUn+QlbnTD/XOsOWwRjhSR1CFFz9aD5N4QS0fTsmKrVmO6QkXrasi44UKnWdfL4lvNjffWhvH0+fFVQMCYnu9VtoZSmcKrpj/zjr7JpGEtSS+MNkfvEYOVTs1U8Qm+PAvX6H22pazVCaeZm+zre4OZCVx7DqDOdv0W7+mrW62dAZShFLXXWYHl2CrGTVf5yPN9D3uTOba2tjj2qKpTGrWjKWATeUcBWjx6OfSwKO7PZjJjd6AK2MeHWVHxuhbI90MypuvUgIe3OsgGoz6R/XB/EBJMMJhy+hXlT+nUt5KIp5CeqP99kChDetT31Su9lwj8mPCdyDD5bhBUMlv+6XIjf7RbV7gvsuErZYW7GdeuryrbZW0FDDYtKaWR3AQ8ayRTc/Cfr8bf0RO5vDVC1CWi3dHJQAeMP1YWu+sluBAu5o4dKAW9rP/2H17dL001uCjdDyrIQccGn42J/FdSZi0VIgTak+OKs8neIZAdkSs8w==\n",
            "public_key_pem": "-----BEGIN PUBLIC KEY-----\nMIICIjANBgkqhkiG9w0BAQEFAAOCAg8AMIICCgKCAgEAw8yaymk0JQsXw2vr5Vpq\nVrXnYWa+3JYLKcNEN15XndJcJVEZxOkJ8KrmqWnfe43npHmicSWKsya2hTldOETP\nZ2JXb1q09+E67TUOthvWQNJ9iwGv37rf1CJslDCXiRfUnuTrhQLoSBPxNuf9sWRO\nq7viUEO0aBmNTGxSnecv7y95MsquR62BuhDa9SPd1C7IKFJ/kJW50w/1zrDlsEY4\nUkdQhRc/Wg+TeEEtH07Jiq1ZjukJF62rIuOFCp1nXy+JbzY331obx9PnxVUDAmJ7\nvVbaGUpnCq6Y/846+yaRhLUkvjDZH7xGDlU7NVPEJvjwL1+h9tqWs1QmnmZvs63u\nDmQlcew6gznb9Fu/pq1utnQGUoRS111mB5dgqxk1X+cjzfQ97kzm2trY49qiqUxq\n1oylgE3lHAVo8ejn0sCjuz2YyY3egCtjHh1lR8boWyPdDMqbr1ICHtzrIBqM+kf1\nwfxASTDCYcvoV5U/p1LeSiKeQnqj/fZAoQ3rU99UrvZcI/Jjwncgw+W4QVDJb/ul\nyI3+0W1e4L7LhK2WFuxnXrq8q22VtBQw2LSmlkdwEPGskU3Pwn6/G39ETubw1QtQ\nlot3RyUAHjD9WFrvrJbgQLuaOHSgFvaz/9h9e3S9NNbgo3Q8qyEHHBp+NifxXUmY\ntFSIE2pPjirPJ3iGQHZErPMCAwEAAQ==\n-----END PUBLIC KEY-----\n",
            "rsa_bits": 4096
          },
          "sensitive_attributes": [],
          "private": "bnVsbA=="
        }
      ]
    }
  ]
}
